
Microsoft Visual Studio Solution File, Format Version 12.00
# Visual Studio 15
VisualStudioVersion = 15.0.27130.2024
MinimumVisualStudioVersion = 10.0.40219.1
Project("{8BC9CEB8-8B4A-11D0-8D11-00A0C91BC942}") = "LABA2", "LABA2\LABA2.vcxproj", "{91E159C2-E4BE-42D8-BE31-836A3CA33A94}"
EndProject
Global
	GlobalSection(SolutionConfigurationPlatforms) = preSolution
		Debug|x64 = Debug|x64
		Debug|x86 = Debug|x86
		Release|x64 = Release|x64
		Release|x86 = Release|x86
	EndGlobalSection
	GlobalSection(ProjectConfigurationPlatforms) = postSolution
		{91E159C2-E4BE-42D8-BE31-836A3CA33A94}.Debug|x64.ActiveCfg = Debug|x64
		{91E159C2-E4BE-42D8-BE31-836A3CA33A94}.Debug|x64.Build.0 = Debug|x64
		{91E159C2-E4BE-42D8-BE31-836A3CA33A94}.Debug|x86.ActiveCfg = Debug|Win32
		{91E159C2-E4BE-42D8-BE31-836A3CA33A94}.Debug|x86.Build.0 = Debug|Win32
		{91E159C2-E4BE-42D8-BE31-836A3CA33A94}.Release|x64.ActiveCfg = Release|x64
		{91E159C2-E4BE-42D8-BE31-836A3CA33A94}.Release|x64.Build.0 = Release|x64
		{91E159C2-E4BE-42D8-BE31-836A3CA33A94}.Release|x86.ActiveCfg = Release|Win32
		{91E159C2-E4BE-42D8-BE31-836A3CA33A94}.Release|x86.Build.0 = Release|Win32
	EndGlobalSection
	GlobalSection(SolutionProperties) = preSolution
		HideSolutionNode = FALSE
	EndGlobalSection
	GlobalSection(ExtensibilityGlobals) = postSolution
		SolutionGuid = {42146D3E-4E79-4525-BAE2-462EB078A5CA}
	EndGlobalSection
EndGlobal
